<?xml version="1.0" encoding="utf-8"?>
<Project ToolsVersion="4.0" xmlns="http://schemas.microsoft.com/developer/msbuild/2003">
  <ItemGroup>
    <Filter Include="Source Files">
      <UniqueIdentifier>{4FC737F1-C7A5-4376-A066-2A32D752A2FF}</UniqueIdentifier>
      <Extensions>cpp;c;cc;cxx;def;odl;idl;hpj;bat;asm;asmx</Extensions>
    </Filter>
    <Filter Include="Header Files">
      <UniqueIdentifier>{93995380-89BD-4b04-88EB-625FBE52EBFB}</UniqueIdentifier>
      <Extensions>h;hpp;hxx;hm;inl;inc;xsd</Extensions>
    </Filter>
    <Filter Include="Resource Files">
      <UniqueIdentifier>{67DA6AB6-F800-4c08-8B7A-83BB121AAD01}</UniqueIdentifier>
      <Extensions>rc;ico;cur;bmp;dlg;rc2;rct;bin;rgs;gif;jpg;jpeg;jpe;resx;tiff;tif;png;wav;mfcribbon-ms</Extensions>
    </Filter>
  </ItemGroup>
  <ItemGroup>
    <None Include="ReadMe.txt" />
    <None Include="DynamicsModelMatlab.def">
      <Filter>Source Files</Filter>
    </None>
  </ItemGroup>
  <ItemGroup>
    <ClInclude Include="stdafx.h">
      <Filter>Header Files</Filter>
    </ClInclude>
    <ClInclude Include="targetver.h">
      <Filter>Header Files</Filter>
    </ClInclude>
    <ClInclude Include="DynamicsModelMatlab.h">
      <Filter>Header Files</Filter>
    </ClInclude>
    <ClInclude Include="KinModelWrapper.h">
      <Filter>Header Files</Filter>
    </ClInclude>
    <ClInclude Include="ModelWrapper.h">
      <Filter>Header Files</Filter>
    </ClInclude>
    <ClInclude Include="DynModelWrapper.h">
      <Filter>Header Files</Filter>
    </ClInclude>
    <ClInclude Include="VisualizerWrapper.h">
      <Filter>Header Files</Filter>
    </ClInclude>
    <ClInclude Include="CModelWrapper.h">
      <Filter>Header Files</Filter>
    </ClInclude>
    <ClInclude Include="..\Src\Model.h">
      <Filter>Header Files</Filter>
    </ClInclude>
    <ClInclude Include="..\Src\SensorAbstract.h">
      <Filter>Header Files</Filter>
    </ClInclude>
    <ClInclude Include="..\Src\SensorAccelerometer.h">
      <Filter>Header Files</Filter>
    </ClInclude>
    <ClInclude Include="..\Src\SensorAngularVelocity.h">
      <Filter>Header Files</Filter>
    </ClInclude>
    <ClInclude Include="..\Src\SensorCore.h">
      <Filter>Header Files</Filter>
    </ClInclude>
    <ClInclude Include="..\Src\SensorDecorator.h">
      <Filter>Header Files</Filter>
    </ClInclude>
    <ClInclude Include="..\Src\SensorGyroscope.h">
      <Filter>Header Files</Filter>
    </ClInclude>
    <ClInclude Include="..\Src\SensorOrientation.h">
      <Filter>Header Files</Filter>
    </ClInclude>
    <ClInclude Include="..\Src\SensorPosition.h">
      <Filter>Header Files</Filter>
    </ClInclude>
    <ClInclude Include="..\Src\SensorQuaternion.h">
      <Filter>Header Files</Filter>
    </ClInclude>
    <ClInclude Include="..\Src\SensorVelocity.h">
      <Filter>Header Files</Filter>
    </ClInclude>
    <ClInclude Include="..\Src\SensorYaw.h">
      <Filter>Header Files</Filter>
    </ClInclude>
    <ClInclude Include="..\Src\Visualizer.h">
      <Filter>Header Files</Filter>
    </ClInclude>
    <ClInclude Include="SensorWrapper.h">
      <Filter>Header Files</Filter>
    </ClInclude>
    <ClInclude Include="FrameWrapper.h">
      <Filter>Header Files</Filter>
    </ClInclude>
    <ClInclude Include="BodyWrapper.h">
      <Filter>Header Files</Filter>
    </ClInclude>
    <ClInclude Include="TransformWrapper.h">
      <Filter>Header Files</Filter>
    </ClInclude>
    <ClInclude Include="CCameraWrapper.h">
      <Filter>Header Files</Filter>
    </ClInclude>
    <ClInclude Include="JointWrapper.h">
      <Filter>Header Files</Filter>
    </ClInclude>
    <ClInclude Include="..\Src\CameraSensor.h">
      <Filter>Header Files</Filter>
    </ClInclude>
    <ClInclude Include="..\Src\mexCout.h">
      <Filter>Header Files</Filter>
    </ClInclude>
  </ItemGroup>
  <ItemGroup>
    <ClCompile Include="DynamicsModelMatlab.cpp">
      <Filter>Source Files</Filter>
    </ClCompile>
    <ClCompile Include="KinModelWrapper.cpp">
      <Filter>Source Files</Filter>
    </ClCompile>
    <ClCompile Include="ModelWrapper.cpp">
      <Filter>Source Files</Filter>
    </ClCompile>
    <ClCompile Include="DynModelWrapper.cpp">
      <Filter>Source Files</Filter>
    </ClCompile>
    <ClCompile Include="VisualizerWrapper.cpp">
      <Filter>Source Files</Filter>
    </ClCompile>
    <ClCompile Include="CModelWrapper.cpp">
      <Filter>Source Files</Filter>
    </ClCompile>
    <ClCompile Include="..\Src\Model.cpp">
      <Filter>Source Files</Filter>
    </ClCompile>
    <ClCompile Include="..\Src\SensorAccelerometer.cpp">
      <Filter>Source Files</Filter>
    </ClCompile>
    <ClCompile Include="..\Src\SensorAngularVelocity.cpp">
      <Filter>Source Files</Filter>
    </ClCompile>
    <ClCompile Include="..\Src\SensorCore.cpp">
      <Filter>Source Files</Filter>
    </ClCompile>
    <ClCompile Include="..\Src\SensorDecorator.cpp">
      <Filter>Source Files</Filter>
    </ClCompile>
    <ClCompile Include="..\Src\SensorGyroscope.cpp">
      <Filter>Source Files</Filter>
    </ClCompile>
    <ClCompile Include="..\Src\SensorOrientation.cpp">
      <Filter>Source Files</Filter>
    </ClCompile>
    <ClCompile Include="..\Src\SensorPosition.cpp">
      <Filter>Source Files</Filter>
    </ClCompile>
    <ClCompile Include="..\Src\SensorQuaternion.cpp">
      <Filter>Source Files</Filter>
    </ClCompile>
    <ClCompile Include="..\Src\SensorVelocity.cpp">
      <Filter>Source Files</Filter>
    </ClCompile>
    <ClCompile Include="..\Src\SensorYaw.cpp">
      <Filter>Source Files</Filter>
    </ClCompile>
    <ClCompile Include="..\Src\Visualizer.cpp">
      <Filter>Source Files</Filter>
    </ClCompile>
    <ClCompile Include="SensorWrapper.cpp">
      <Filter>Source Files</Filter>
    </ClCompile>
    <ClCompile Include="FrameWrapper.cpp">
      <Filter>Source Files</Filter>
    </ClCompile>
    <ClCompile Include="BodyWrapper.cpp">
      <Filter>Source Files</Filter>
    </ClCompile>
    <ClCompile Include="TransformWrapper.cpp">
      <Filter>Source Files</Filter>
    </ClCompile>
    <ClCompile Include="CCameraWrapper.cpp">
      <Filter>Source Files</Filter>
    </ClCompile>
    <ClCompile Include="JointWrapper.cpp">
      <Filter>Source Files</Filter>
    </ClCompile>
    <ClCompile Include="..\Src\CameraSensor.cpp">
      <Filter>Source Files</Filter>
    </ClCompile>
  </ItemGroup>
</Project>